
Microsoft Visual Studio Solution File, Format Version 12.00
# Visual Studio 14
VisualStudioVersion = 14.0.25123.0
MinimumVisualStudioVersion = 10.0.40219.1
Project("{FAE04EC0-301F-11D3-BF4B-00C04F79EFBC}") = "AppVeyorExperiments.Tests", "Tests\AppVeyorExperiments.Tests.csproj", "{880D953B-6A85-4993-ADCB-76F951C7DA3D}"
EndProject
Project("{FAE04EC0-301F-11D3-BF4B-00C04F79EFBC}") = "AppVeyorExperiment", "AppVeyorExperiment\AppVeyorExperiment.csproj", "{98AE09A7-9B52-4B2C-AB93-01A840913C94}"
EndProject
Global
	GlobalSection(SolutionConfigurationPlatforms) = preSolution
		Debug|Any CPU = Debug|Any CPU
		Release|Any CPU = Release|Any CPU
	EndGlobalSection
	GlobalSection(ProjectConfigurationPlatforms) = postSolution
		{880D953B-6A85-4993-ADCB-76F951C7DA3D}.Debug|Any CPU.ActiveCfg = Debug|Any CPU
		{880D953B-6A85-4993-ADCB-76F951C7DA3D}.Debug|Any CPU.Build.0 = Debug|Any CPU
		{880D953B-6A85-4993-ADCB-76F951C7DA3D}.Release|Any CPU.ActiveCfg = Release|Any CPU
		{880D953B-6A85-4993-ADCB-76F951C7DA3D}.Release|Any CPU.Build.0 = Release|Any CPU
		{98AE09A7-9B52-4B2C-AB93-01A840913C94}.Debug|Any CPU.ActiveCfg = Debug|Any CPU
		{98AE09A7-9B52-4B2C-AB93-01A840913C94}.Debug|Any CPU.Build.0 = Debug|Any CPU
		{98AE09A7-9B52-4B2C-AB93-01A840913C94}.Release|Any CPU.ActiveCfg = Release|Any CPU
		{98AE09A7-9B52-4B2C-AB93-01A840913C94}.Release|Any CPU.Build.0 = Release|Any CPU
	EndGlobalSection
	GlobalSection(SolutionProperties) = preSolution
		HideSolutionNode = FALSE
	EndGlobalSection
EndGlobal
